
Microsoft Visual Studio Solution File, Format Version 12.00
# Visual Studio Version 17
VisualStudioVersion = 17.0.31903.59
MinimumVisualStudioVersion = 10.0.40219.1
Project("{2150E333-8FDC-42A3-9474-1A3956D46DE8}") = "Canva-BE", "Canva-BE", "{A470CE5B-1F9E-014F-77A2-EFCC82D4392C}"
EndProject
Project("{2150E333-8FDC-42A3-9474-1A3956D46DE8}") = "src", "src", "{E7D95C0B-9FE4-4FA2-EE96-CA2C81434411}"
EndProject
Project("{2150E333-8FDC-42A3-9474-1A3956D46DE8}") = "Shapy", "Shapy", "{7D98EDEC-980D-33AE-2605-E9697502812E}"
EndProject
Project("{FAE04EC0-301F-11D3-BF4B-00C04F79EFBC}") = "Shapy.API", "Canva-BE\src\Shapy\Shapy.API\Shapy.API.csproj", "{CC7B6765-1880-4739-B0F0-E328415746BC}"
EndProject
Project("{FAE04EC0-301F-11D3-BF4B-00C04F79EFBC}") = "Shapy.Application", "Canva-BE\src\Shapy\Shapy.Application\Shapy.Application.csproj", "{B2251027-7331-42E9-93E1-1361243B3229}"
EndProject
Project("{FAE04EC0-301F-11D3-BF4B-00C04F79EFBC}") = "Shapy.Domain", "Canva-BE\src\Shapy\Shapy.Domain\Shapy.Domain.csproj", "{AD697144-198F-4EDB-BD15-91946FA32876}"
EndProject
Project("{FAE04EC0-301F-11D3-BF4B-00C04F79EFBC}") = "Shapy.Infrastructure", "Canva-BE\src\Shapy\Shapy.Infrastructure\Shapy.Infrastructure.csproj", "{BB05FCFA-FB11-4845-BDAE-18C54B053D80}"
EndProject
Global
	GlobalSection(SolutionConfigurationPlatforms) = preSolution
		Debug|Any CPU = Debug|Any CPU
		Debug|x64 = Debug|x64
		Debug|x86 = Debug|x86
		Release|Any CPU = Release|Any CPU
		Release|x64 = Release|x64
		Release|x86 = Release|x86
	EndGlobalSection
	GlobalSection(ProjectConfigurationPlatforms) = postSolution
		{CC7B6765-1880-4739-B0F0-E328415746BC}.Debug|Any CPU.ActiveCfg = Debug|Any CPU
		{CC7B6765-1880-4739-B0F0-E328415746BC}.Debug|Any CPU.Build.0 = Debug|Any CPU
		{CC7B6765-1880-4739-B0F0-E328415746BC}.Debug|x64.ActiveCfg = Debug|Any CPU
		{CC7B6765-1880-4739-B0F0-E328415746BC}.Debug|x64.Build.0 = Debug|Any CPU
		{CC7B6765-1880-4739-B0F0-E328415746BC}.Debug|x86.ActiveCfg = Debug|Any CPU
		{CC7B6765-1880-4739-B0F0-E328415746BC}.Debug|x86.Build.0 = Debug|Any CPU
		{CC7B6765-1880-4739-B0F0-E328415746BC}.Release|Any CPU.ActiveCfg = Release|Any CPU
		{CC7B6765-1880-4739-B0F0-E328415746BC}.Release|Any CPU.Build.0 = Release|Any CPU
		{CC7B6765-1880-4739-B0F0-E328415746BC}.Release|x64.ActiveCfg = Release|Any CPU
		{CC7B6765-1880-4739-B0F0-E328415746BC}.Release|x64.Build.0 = Release|Any CPU
		{CC7B6765-1880-4739-B0F0-E328415746BC}.Release|x86.ActiveCfg = Release|Any CPU
		{CC7B6765-1880-4739-B0F0-E328415746BC}.Release|x86.Build.0 = Release|Any CPU
		{B2251027-7331-42E9-93E1-1361243B3229}.Debug|Any CPU.ActiveCfg = Debug|Any CPU
		{B2251027-7331-42E9-93E1-1361243B3229}.Debug|Any CPU.Build.0 = Debug|Any CPU
		{B2251027-7331-42E9-93E1-1361243B3229}.Debug|x64.ActiveCfg = Debug|Any CPU
		{B2251027-7331-42E9-93E1-1361243B3229}.Debug|x64.Build.0 = Debug|Any CPU
		{B2251027-7331-42E9-93E1-1361243B3229}.Debug|x86.ActiveCfg = Debug|Any CPU
		{B2251027-7331-42E9-93E1-1361243B3229}.Debug|x86.Build.0 = Debug|Any CPU
		{B2251027-7331-42E9-93E1-1361243B3229}.Release|Any CPU.ActiveCfg = Release|Any CPU
		{B2251027-7331-42E9-93E1-1361243B3229}.Release|Any CPU.Build.0 = Release|Any CPU
		{B2251027-7331-42E9-93E1-1361243B3229}.Release|x64.ActiveCfg = Release|Any CPU
		{B2251027-7331-42E9-93E1-1361243B3229}.Release|x64.Build.0 = Release|Any CPU
		{B2251027-7331-42E9-93E1-1361243B3229}.Release|x86.ActiveCfg = Release|Any CPU
		{B2251027-7331-42E9-93E1-1361243B3229}.Release|x86.Build.0 = Release|Any CPU
		{AD697144-198F-4EDB-BD15-91946FA32876}.Debug|Any CPU.ActiveCfg = Debug|Any CPU
		{AD697144-198F-4EDB-BD15-91946FA32876}.Debug|Any CPU.Build.0 = Debug|Any CPU
		{AD697144-198F-4EDB-BD15-91946FA32876}.Debug|x64.ActiveCfg = Debug|Any CPU
		{AD697144-198F-4EDB-BD15-91946FA32876}.Debug|x64.Build.0 = Debug|Any CPU
		{AD697144-198F-4EDB-BD15-91946FA32876}.Debug|x86.ActiveCfg = Debug|Any CPU
		{AD697144-198F-4EDB-BD15-91946FA32876}.Debug|x86.Build.0 = Debug|Any CPU
		{AD697144-198F-4EDB-BD15-91946FA32876}.Release|Any CPU.ActiveCfg = Release|Any CPU
		{AD697144-198F-4EDB-BD15-91946FA32876}.Release|Any CPU.Build.0 = Release|Any CPU
		{AD697144-198F-4EDB-BD15-91946FA32876}.Release|x64.ActiveCfg = Release|Any CPU
		{AD697144-198F-4EDB-BD15-91946FA32876}.Release|x64.Build.0 = Release|Any CPU
		{AD697144-198F-4EDB-BD15-91946FA32876}.Release|x86.ActiveCfg = Release|Any CPU
		{AD697144-198F-4EDB-BD15-91946FA32876}.Release|x86.Build.0 = Release|Any CPU
		{BB05FCFA-FB11-4845-BDAE-18C54B053D80}.Debug|Any CPU.ActiveCfg = Debug|Any CPU
		{BB05FCFA-FB11-4845-BDAE-18C54B053D80}.Debug|Any CPU.Build.0 = Debug|Any CPU
		{BB05FCFA-FB11-4845-BDAE-18C54B053D80}.Debug|x64.ActiveCfg = Debug|Any CPU
		{BB05FCFA-FB11-4845-BDAE-18C54B053D80}.Debug|x64.Build.0 = Debug|Any CPU
		{BB05FCFA-FB11-4845-BDAE-18C54B053D80}.Debug|x86.ActiveCfg = Debug|Any CPU
		{BB05FCFA-FB11-4845-BDAE-18C54B053D80}.Debug|x86.Build.0 = Debug|Any CPU
		{BB05FCFA-FB11-4845-BDAE-18C54B053D80}.Release|Any CPU.ActiveCfg = Release|Any CPU
		{BB05FCFA-FB11-4845-BDAE-18C54B053D80}.Release|Any CPU.Build.0 = Release|Any CPU
		{BB05FCFA-FB11-4845-BDAE-18C54B053D80}.Release|x64.ActiveCfg = Release|Any CPU
		{BB05FCFA-FB11-4845-BDAE-18C54B053D80}.Release|x64.Build.0 = Release|Any CPU
		{BB05FCFA-FB11-4845-BDAE-18C54B053D80}.Release|x86.ActiveCfg = Release|Any CPU
		{BB05FCFA-FB11-4845-BDAE-18C54B053D80}.Release|x86.Build.0 = Release|Any CPU
	EndGlobalSection
	GlobalSection(SolutionProperties) = preSolution
		HideSolutionNode = FALSE
	EndGlobalSection
	GlobalSection(NestedProjects) = preSolution
		{E7D95C0B-9FE4-4FA2-EE96-CA2C81434411} = {A470CE5B-1F9E-014F-77A2-EFCC82D4392C}
		{7D98EDEC-980D-33AE-2605-E9697502812E} = {E7D95C0B-9FE4-4FA2-EE96-CA2C81434411}
		{CC7B6765-1880-4739-B0F0-E328415746BC} = {7D98EDEC-980D-33AE-2605-E9697502812E}
		{B2251027-7331-42E9-93E1-1361243B3229} = {7D98EDEC-980D-33AE-2605-E9697502812E}
		{AD697144-198F-4EDB-BD15-91946FA32876} = {7D98EDEC-980D-33AE-2605-E9697502812E}
		{BB05FCFA-FB11-4845-BDAE-18C54B053D80} = {7D98EDEC-980D-33AE-2605-E9697502812E}
	EndGlobalSection
EndGlobal
